
Microsoft Visual Studio Solution File, Format Version 12.00
# Visual Studio Version 17
VisualStudioVersion = 17.0.31903.59
MinimumVisualStudioVersion = 10.0.40219.1
Project("{FAE04EC0-301F-11D3-BF4B-00C04F79EFBC}") = "Emma.Core.Interfaces", "src\Emma.Core.Interfaces\Emma.Core.Interfaces.csproj", "{11111111-1111-1111-1111-111111111111}"
EndProject
Project("{FAE04EC0-301F-11D3-BF4B-00C04F79EFBC}") = "Emma.Data", "src\Emma.Data\Emma.Data.csproj", "{33333333-3333-3333-3333-333333333333}"
EndProject
Project("{FAE04EC0-301F-11D3-BF4B-00C04F79EFBC}") = "Emma.Infrastructure", "src\Emma.Infrastructure\Emma.Infrastructure.csproj", "{44444444-4444-4444-4444-444444444444}"
EndProject
Project("{FAE04EC0-301F-11D3-BF4B-00C04F79EFBC}") = "Emma.Models", "src\Emma.Models\Emma.Models.csproj", "{55555555-5555-5555-5555-555555555555}"
EndProject
Project("{FAE04EC0-301F-11D3-BF4B-00C04F79EFBC}") = "Emma.Api", "src\Emma.Api\Emma.Api.csproj", "{88888888-8888-8888-8888-888888888888}"
EndProject
Project("{2150E333-8FDC-42A3-9474-1A3956D46DE8}") = "src", "src", "{4CD66DD4-9293-472A-BB41-12474AD2FC3C}"
EndProject
Project("{FAE04EC0-301F-11D3-BF4B-00C04F79EFBC}") = "Emma.Core", "src\Emma.Core\Emma.Core.csproj", "{5945AA93-11F2-4721-8E72-6AA17DAE0347}"
EndProject
Global
	GlobalSection(SolutionConfigurationPlatforms) = preSolution
		Debug|Any CPU = Debug|Any CPU
		Release|Any CPU = Release|Any CPU
	EndGlobalSection
	GlobalSection(SolutionProperties) = preSolution
		HideSolutionNode = FALSE
	EndGlobalSection
	GlobalSection(ProjectConfigurationPlatforms) = postSolution
		{7C2E6E6C-39FC-4B47-8C31-97234CDAACA3}.Debug|Any CPU.ActiveCfg = Debug|Any CPU
		{7C2E6E6C-39FC-4B47-8C31-97234CDAACA3}.Debug|Any CPU.Build.0 = Debug|Any CPU
		{7C2E6E6C-39FC-4B47-8C31-97234CDAACA3}.Release|Any CPU.ActiveCfg = Release|Any CPU
		{7C2E6E6C-39FC-4B47-8C31-97234CDAACA3}.Release|Any CPU.Build.0 = Release|Any CPU
		{B6130C9C-EED1-4D93-8CAA-2992EE7CA09E}.Debug|Any CPU.ActiveCfg = Debug|Any CPU
		{B6130C9C-EED1-4D93-8CAA-2992EE7CA09E}.Debug|Any CPU.Build.0 = Debug|Any CPU
		{B6130C9C-EED1-4D93-8CAA-2992EE7CA09E}.Release|Any CPU.ActiveCfg = Release|Any CPU
		{B6130C9C-EED1-4D93-8CAA-2992EE7CA09E}.Release|Any CPU.Build.0 = Release|Any CPU
		{5945AA93-11F2-4721-8E72-6AA17DAE0347}.Debug|Any CPU.ActiveCfg = Debug|Any CPU
		{5945AA93-11F2-4721-8E72-6AA17DAE0347}.Debug|Any CPU.Build.0 = Debug|Any CPU
		{5945AA93-11F2-4721-8E72-6AA17DAE0347}.Release|Any CPU.ActiveCfg = Release|Any CPU
		{5945AA93-11F2-4721-8E72-6AA17DAE0347}.Release|Any CPU.Build.0 = Release|Any CPU
	EndGlobalSection
	GlobalSection(NestedProjects) = preSolution
		{5945AA93-11F2-4721-8E72-6AA17DAE0347} = {4CD66DD4-9293-472A-BB41-12474AD2FC3C}
	EndGlobalSection
EndGlobal
