{
  "name": "Emma.Web",
  "lockfileVersion": 3,
  "requires": true,
  "packages": {
    "": {
      "dependencies": {
        "emma-monorepo": "file:../.."
      }
    },
    "../..": {
      "name": "emma-monorepo",
      "workspaces": [
        "frontend/*"
      ]
    },
    "node_modules/emma-monorepo": {
      "resolved": "../..",
      "link": true
    }
  }
}
